// !$*UTF8*$!
{
	archiveVersion = 1;
	classes = {
	};
	objectVersion = 46;
	objects = {

/* Begin PBXBuildFile section */
		1D2ACB611F78C1030058D1F3 /* HomeViewController.m in Sources */ = {isa = PBXBuildFile; fileRef = 1D2ACB601F78C1030058D1F3 /* HomeViewController.m */; };
		1D2ACB651F78C1720058D1F3 /* UIView+DragDrop.m in Sources */ = {isa = PBXBuildFile; fileRef = 1D2ACB641F78C1720058D1F3 /* UIView+DragDrop.m */; };
		1D3A6D8A1F750FE100772BE8 /* main.m in Sources */ = {isa = PBXBuildFile; fileRef = 1D3A6D891F750FE100772BE8 /* main.m */; };
		1D3A6D8D1F750FE100772BE8 /* AppDelegate.m in Sources */ = {isa = PBXBuildFile; fileRef = 1D3A6D8C1F750FE100772BE8 /* AppDelegate.m */; };
		1D3A6D901F750FE100772BE8 /* ViewController.m in Sources */ = {isa = PBXBuildFile; fileRef = 1D3A6D8F1F750FE100772BE8 /* ViewController.m */; };
		1D3A6D931F750FE100772BE8 /* Main.storyboard in Resources */ = {isa = PBXBuildFile; fileRef = 1D3A6D911F750FE100772BE8 /* Main.storyboard */; };
		1D3A6D951F750FE100772BE8 /* Assets.xcassets in Resources */ = {isa = PBXBuildFile; fileRef = 1D3A6D941F750FE100772BE8 /* Assets.xcassets */; };
		1D3A6D981F750FE100772BE8 /* LaunchScreen.storyboard in Resources */ = {isa = PBXBuildFile; fileRef = 1D3A6D961F750FE100772BE8 /* LaunchScreen.storyboard */; };
		1D3A6DA31F750FE100772BE8 /* SignutraTests.m in Sources */ = {isa = PBXBuildFile; fileRef = 1D3A6DA21F750FE100772BE8 /* SignutraTests.m */; };
		1D3A6DAE1F750FE100772BE8 /* SignutraUITests.m in Sources */ = {isa = PBXBuildFile; fileRef = 1D3A6DAD1F750FE100772BE8 /* SignutraUITests.m */; };
		1D3A6DCE1F752C4700772BE8 /* CHTStickerView.m in Sources */ = {isa = PBXBuildFile; fileRef = 1D3A6DCD1F752C4700772BE8 /* CHTStickerView.m */; };
		1D3C2EF71F7E363C00B74F2C /* 1.png in Resources */ = {isa = PBXBuildFile; fileRef = 1D3C2EC91F7E363C00B74F2C /* 1.png */; };
		1D3C2EF81F7E363C00B74F2C /* 10.png in Resources */ = {isa = PBXBuildFile; fileRef = 1D3C2ECA1F7E363C00B74F2C /* 10.png */; };
		1D3C2EF91F7E363C00B74F2C /* 11.png in Resources */ = {isa = PBXBuildFile; fileRef = 1D3C2ECB1F7E363C00B74F2C /* 11.png */; };
		1D3C2EFA1F7E363C00B74F2C /* 12.png in Resources */ = {isa = PBXBuildFile; fileRef = 1D3C2ECC1F7E363C00B74F2C /* 12.png */; };
		1D3C2EFB1F7E363C00B74F2C /* 13.png in Resources */ = {isa = PBXBuildFile; fileRef = 1D3C2ECD1F7E363C00B74F2C /* 13.png */; };
		1D3C2EFC1F7E363C00B74F2C /* 14.png in Resources */ = {isa = PBXBuildFile; fileRef = 1D3C2ECE1F7E363C00B74F2C /* 14.png */; };
		1D3C2EFD1F7E363C00B74F2C /* 15.png in Resources */ = {isa = PBXBuildFile; fileRef = 1D3C2ECF1F7E363C00B74F2C /* 15.png */; };
		1D3C2EFE1F7E363C00B74F2C /* 16.png in Resources */ = {isa = PBXBuildFile; fileRef = 1D3C2ED01F7E363C00B74F2C /* 16.png */; };
		1D3C2EFF1F7E363C00B74F2C /* 17.png in Resources */ = {isa = PBXBuildFile; fileRef = 1D3C2ED11F7E363C00B74F2C /* 17.png */; };
		1D3C2F001F7E363C00B74F2C /* 18.png in Resources */ = {isa = PBXBuildFile; fileRef = 1D3C2ED21F7E363C00B74F2C /* 18.png */; };
		1D3C2F011F7E363C00B74F2C /* 19.png in Resources */ = {isa = PBXBuildFile; fileRef = 1D3C2ED31F7E363C00B74F2C /* 19.png */; };
		1D3C2F021F7E363C00B74F2C /* 2.png in Resources */ = {isa = PBXBuildFile; fileRef = 1D3C2ED41F7E363C00B74F2C /* 2.png */; };
		1D3C2F031F7E363C00B74F2C /* 20.png in Resources */ = {isa = PBXBuildFile; fileRef = 1D3C2ED51F7E363C00B74F2C /* 20.png */; };
		1D3C2F041F7E363C00B74F2C /* 21.png in Resources */ = {isa = PBXBuildFile; fileRef = 1D3C2ED61F7E363C00B74F2C /* 21.png */; };
		1D3C2F051F7E363C00B74F2C /* 22.png in Resources */ = {isa = PBXBuildFile; fileRef = 1D3C2ED71F7E363C00B74F2C /* 22.png */; };
		1D3C2F061F7E363C00B74F2C /* 23.png in Resources */ = {isa = PBXBuildFile; fileRef = 1D3C2ED81F7E363C00B74F2C /* 23.png */; };
		1D3C2F071F7E363C00B74F2C /* 24.png in Resources */ = {isa = PBXBuildFile; fileRef = 1D3C2ED91F7E363C00B74F2C /* 24.png */; };
		1D3C2F081F7E363C00B74F2C /* 25.png in Resources */ = {isa = PBXBuildFile; fileRef = 1D3C2EDA1F7E363C00B74F2C /* 25.png */; };
		1D3C2F091F7E363C00B74F2C /* 26.png in Resources */ = {isa = PBXBuildFile; fileRef = 1D3C2EDB1F7E363C00B74F2C /* 26.png */; };
		1D3C2F0A1F7E363C00B74F2C /* 27.png in Resources */ = {isa = PBXBuildFile; fileRef = 1D3C2EDC1F7E363C00B74F2C /* 27.png */; };
		1D3C2F0B1F7E363C00B74F2C /* 28.png in Resources */ = {isa = PBXBuildFile; fileRef = 1D3C2EDD1F7E363C00B74F2C /* 28.png */; };
		1D3C2F0C1F7E363C00B74F2C /* 29.png in Resources */ = {isa = PBXBuildFile; fileRef = 1D3C2EDE1F7E363C00B74F2C /* 29.png */; };
		1D3C2F0D1F7E363C00B74F2C /* 3.png in Resources */ = {isa = PBXBuildFile; fileRef = 1D3C2EDF1F7E363C00B74F2C /* 3.png */; };
		1D3C2F0E1F7E363C00B74F2C /* 30.png in Resources */ = {isa = PBXBuildFile; fileRef = 1D3C2EE01F7E363C00B74F2C /* 30.png */; };
		1D3C2F0F1F7E363C00B74F2C /* 4.png in Resources */ = {isa = PBXBuildFile; fileRef = 1D3C2EE11F7E363C00B74F2C /* 4.png */; };
		1D3C2F101F7E363C00B74F2C /* 5.png in Resources */ = {isa = PBXBuildFile; fileRef = 1D3C2EE21F7E363C00B74F2C /* 5.png */; };
		1D3C2F111F7E363C00B74F2C /* 6.png in Resources */ = {isa = PBXBuildFile; fileRef = 1D3C2EE31F7E363C00B74F2C /* 6.png */; };
		1D3C2F121F7E363C00B74F2C /* 7.png in Resources */ = {isa = PBXBuildFile; fileRef = 1D3C2EE41F7E363C00B74F2C /* 7.png */; };
		1D3C2F131F7E363C00B74F2C /* 8.png in Resources */ = {isa = PBXBuildFile; fileRef = 1D3C2EE51F7E363C00B74F2C /* 8.png */; };
		1D3C2F141F7E363C00B74F2C /* 9.png in Resources */ = {isa = PBXBuildFile; fileRef = 1D3C2EE61F7E363C00B74F2C /* 9.png */; };
		1D3C2F151F7E363C00B74F2C /* apple.jpg in Resources */ = {isa = PBXBuildFile; fileRef = 1D3C2EE71F7E363C00B74F2C /* apple.jpg */; };
		1D3C2F161F7E363C00B74F2C /* apple.png in Resources */ = {isa = PBXBuildFile; fileRef = 1D3C2EE81F7E363C00B74F2C /* apple.png */; };
		1D3C2F171F7E363C00B74F2C /* g1.jpg in Resources */ = {isa = PBXBuildFile; fileRef = 1D3C2EE91F7E363C00B74F2C /* g1.jpg */; };
		1D3C2F181F7E363C00B74F2C /* g2.jpg in Resources */ = {isa = PBXBuildFile; fileRef = 1D3C2EEA1F7E363C00B74F2C /* g2.jpg */; };
		1D3C2F191F7E363C00B74F2C /* g2_tr.png in Resources */ = {isa = PBXBuildFile; fileRef = 1D3C2EEB1F7E363C00B74F2C /* g2_tr.png */; };
		1D3C2F1A1F7E363C00B74F2C /* img.jpg in Resources */ = {isa = PBXBuildFile; fileRef = 1D3C2EEC1F7E363C00B74F2C /* img.jpg */; };
		1D3C2F1B1F7E363C00B74F2C /* mango.jpg in Resources */ = {isa = PBXBuildFile; fileRef = 1D3C2EED1F7E363C00B74F2C /* mango.jpg */; };
		1D3C2F1C1F7E363C00B74F2C /* mango.png in Resources */ = {isa = PBXBuildFile; fileRef = 1D3C2EEE1F7E363C00B74F2C /* mango.png */; };
		1D3C2F1D1F7E363C00B74F2C /* onion.jpeg in Resources */ = {isa = PBXBuildFile; fileRef = 1D3C2EEF1F7E363C00B74F2C /* onion.jpeg */; };
		1D3C2F1E1F7E363C00B74F2C /* onion.png in Resources */ = {isa = PBXBuildFile; fileRef = 1D3C2EF01F7E363C00B74F2C /* onion.png */; };
		1D3C2F1F1F7E363C00B74F2C /* orange.jpg in Resources */ = {isa = PBXBuildFile; fileRef = 1D3C2EF11F7E363C00B74F2C /* orange.jpg */; };
		1D3C2F201F7E363C00B74F2C /* orange.png in Resources */ = {isa = PBXBuildFile; fileRef = 1D3C2EF21F7E363C00B74F2C /* orange.png */; };
		1D3C2F211F7E363C00B74F2C /* orange_cut.png in Resources */ = {isa = PBXBuildFile; fileRef = 1D3C2EF31F7E363C00B74F2C /* orange_cut.png */; };
		1D3C2F221F7E363C00B74F2C /* Strawberry.ico in Resources */ = {isa = PBXBuildFile; fileRef = 1D3C2EF41F7E363C00B74F2C /* Strawberry.ico */; };
		1D3C2F231F7E363C00B74F2C /* watermelon.jpg in Resources */ = {isa = PBXBuildFile; fileRef = 1D3C2EF51F7E363C00B74F2C /* watermelon.jpg */; };
		1D3C2F241F7E363C00B74F2C /* watermelon.png in Resources */ = {isa = PBXBuildFile; fileRef = 1D3C2EF61F7E363C00B74F2C /* watermelon.png */; };
/* End PBXBuildFile section */

/* Begin PBXContainerItemProxy section */
		1D3A6D9F1F750FE100772BE8 /* PBXContainerItemProxy */ = {
			isa = PBXContainerItemProxy;
			containerPortal = 1D3A6D7D1F750FE100772BE8 /* Project object */;
			proxyType = 1;
			remoteGlobalIDString = 1D3A6D841F750FE100772BE8;
			remoteInfo = Signutra;
		};
		1D3A6DAA1F750FE100772BE8 /* PBXContainerItemProxy */ = {
			isa = PBXContainerItemProxy;
			containerPortal = 1D3A6D7D1F750FE100772BE8 /* Project object */;
			proxyType = 1;
			remoteGlobalIDString = 1D3A6D841F750FE100772BE8;
			remoteInfo = Signutra;
		};
/* End PBXContainerItemProxy section */

/* Begin PBXFileReference section */
		1D2ACB5F1F78C1030058D1F3 /* HomeViewController.h */ = {isa = PBXFileReference; fileEncoding = 4; lastKnownFileType = sourcecode.c.h; path = HomeViewController.h; sourceTree = "<group>"; };
		1D2ACB601F78C1030058D1F3 /* HomeViewController.m */ = {isa = PBXFileReference; fileEncoding = 4; lastKnownFileType = sourcecode.c.objc; path = HomeViewController.m; sourceTree = "<group>"; };
		1D2ACB631F78C1720058D1F3 /* UIView+DragDrop.h */ = {isa = PBXFileReference; fileEncoding = 4; lastKnownFileType = sourcecode.c.h; path = "UIView+DragDrop.h"; sourceTree = "<group>"; };
		1D2ACB641F78C1720058D1F3 /* UIView+DragDrop.m */ = {isa = PBXFileReference; fileEncoding = 4; lastKnownFileType = sourcecode.c.objc; path = "UIView+DragDrop.m"; sourceTree = "<group>"; };
		1D3A6D851F750FE100772BE8 /* Signutra.app */ = {isa = PBXFileReference; explicitFileType = wrapper.application; includeInIndex = 0; path = Signutra.app; sourceTree = BUILT_PRODUCTS_DIR; };
		1D3A6D891F750FE100772BE8 /* main.m */ = {isa = PBXFileReference; lastKnownFileType = sourcecode.c.objc; path = main.m; sourceTree = "<group>"; };
		1D3A6D8B1F750FE100772BE8 /* AppDelegate.h */ = {isa = PBXFileReference; lastKnownFileType = sourcecode.c.h; path = AppDelegate.h; sourceTree = "<group>"; };
		1D3A6D8C1F750FE100772BE8 /* AppDelegate.m */ = {isa = PBXFileReference; lastKnownFileType = sourcecode.c.objc; path = AppDelegate.m; sourceTree = "<group>"; };
		1D3A6D8E1F750FE100772BE8 /* ViewController.h */ = {isa = PBXFileReference; lastKnownFileType = sourcecode.c.h; path = ViewController.h; sourceTree = "<group>"; };
		1D3A6D8F1F750FE100772BE8 /* ViewController.m */ = {isa = PBXFileReference; lastKnownFileType = sourcecode.c.objc; path = ViewController.m; sourceTree = "<group>"; };
		1D3A6D921F750FE100772BE8 /* Base */ = {isa = PBXFileReference; lastKnownFileType = file.storyboard; name = Base; path = Base.lproj/Main.storyboard; sourceTree = "<group>"; };
		1D3A6D941F750FE100772BE8 /* Assets.xcassets */ = {isa = PBXFileReference; lastKnownFileType = folder.assetcatalog; path = Assets.xcassets; sourceTree = "<group>"; };
		1D3A6D971F750FE100772BE8 /* Base */ = {isa = PBXFileReference; lastKnownFileType = file.storyboard; name = Base; path = Base.lproj/LaunchScreen.storyboard; sourceTree = "<group>"; };
		1D3A6D991F750FE100772BE8 /* Info.plist */ = {isa = PBXFileReference; lastKnownFileType = text.plist.xml; path = Info.plist; sourceTree = "<group>"; };
		1D3A6D9E1F750FE100772BE8 /* SignutraTests.xctest */ = {isa = PBXFileReference; explicitFileType = wrapper.cfbundle; includeInIndex = 0; path = SignutraTests.xctest; sourceTree = BUILT_PRODUCTS_DIR; };
		1D3A6DA21F750FE100772BE8 /* SignutraTests.m */ = {isa = PBXFileReference; lastKnownFileType = sourcecode.c.objc; path = SignutraTests.m; sourceTree = "<group>"; };
		1D3A6DA41F750FE100772BE8 /* Info.plist */ = {isa = PBXFileReference; lastKnownFileType = text.plist.xml; path = Info.plist; sourceTree = "<group>"; };
		1D3A6DA91F750FE100772BE8 /* SignutraUITests.xctest */ = {isa = PBXFileReference; explicitFileType = wrapper.cfbundle; includeInIndex = 0; path = SignutraUITests.xctest; sourceTree = BUILT_PRODUCTS_DIR; };
		1D3A6DAD1F750FE100772BE8 /* SignutraUITests.m */ = {isa = PBXFileReference; lastKnownFileType = sourcecode.c.objc; path = SignutraUITests.m; sourceTree = "<group>"; };
		1D3A6DAF1F750FE100772BE8 /* Info.plist */ = {isa = PBXFileReference; lastKnownFileType = text.plist.xml; path = Info.plist; sourceTree = "<group>"; };
		1D3A6DCC1F752C4700772BE8 /* CHTStickerView.h */ = {isa = PBXFileReference; fileEncoding = 4; lastKnownFileType = sourcecode.c.h; path = CHTStickerView.h; sourceTree = "<group>"; };
		1D3A6DCD1F752C4700772BE8 /* CHTStickerView.m */ = {isa = PBXFileReference; fileEncoding = 4; lastKnownFileType = sourcecode.c.objc; path = CHTStickerView.m; sourceTree = "<group>"; };
		1D3C2EC91F7E363C00B74F2C /* 1.png */ = {isa = PBXFileReference; lastKnownFileType = image.png; path = 1.png; sourceTree = "<group>"; };
		1D3C2ECA1F7E363C00B74F2C /* 10.png */ = {isa = PBXFileReference; lastKnownFileType = image.png; path = 10.png; sourceTree = "<group>"; };
		1D3C2ECB1F7E363C00B74F2C /* 11.png */ = {isa = PBXFileReference; lastKnownFileType = image.png; path = 11.png; sourceTree = "<group>"; };
		1D3C2ECC1F7E363C00B74F2C /* 12.png */ = {isa = PBXFileReference; lastKnownFileType = image.png; path = 12.png; sourceTree = "<group>"; };
		1D3C2ECD1F7E363C00B74F2C /* 13.png */ = {isa = PBXFileReference; lastKnownFileType = image.png; path = 13.png; sourceTree = "<group>"; };
		1D3C2ECE1F7E363C00B74F2C /* 14.png */ = {isa = PBXFileReference; lastKnownFileType = image.png; path = 14.png; sourceTree = "<group>"; };
		1D3C2ECF1F7E363C00B74F2C /* 15.png */ = {isa = PBXFileReference; lastKnownFileType = image.png; path = 15.png; sourceTree = "<group>"; };
		1D3C2ED01F7E363C00B74F2C /* 16.png */ = {isa = PBXFileReference; lastKnownFileType = image.png; path = 16.png; sourceTree = "<group>"; };
		1D3C2ED11F7E363C00B74F2C /* 17.png */ = {isa = PBXFileReference; lastKnownFileType = image.png; path = 17.png; sourceTree = "<group>"; };
		1D3C2ED21F7E363C00B74F2C /* 18.png */ = {isa = PBXFileReference; lastKnownFileType = image.png; path = 18.png; sourceTree = "<group>"; };
		1D3C2ED31F7E363C00B74F2C /* 19.png */ = {isa = PBXFileReference; lastKnownFileType = image.png; path = 19.png; sourceTree = "<group>"; };
		1D3C2ED41F7E363C00B74F2C /* 2.png */ = {isa = PBXFileReference; lastKnownFileType = image.png; path = 2.png; sourceTree = "<group>"; };
		1D3C2ED51F7E363C00B74F2C /* 20.png */ = {isa = PBXFileReference; lastKnownFileType = image.png; path = 20.png; sourceTree = "<group>"; };
		1D3C2ED61F7E363C00B74F2C /* 21.png */ = {isa = PBXFileReference; lastKnownFileType = image.png; path = 21.png; sourceTree = "<group>"; };
		1D3C2ED71F7E363C00B74F2C /* 22.png */ = {isa = PBXFileReference; lastKnownFileType = image.png; path = 22.png; sourceTree = "<group>"; };
		1D3C2ED81F7E363C00B74F2C /* 23.png */ = {isa = PBXFileReference; lastKnownFileType = image.png; path = 23.png; sourceTree = "<group>"; };
		1D3C2ED91F7E363C00B74F2C /* 24.png */ = {isa = PBXFileReference; lastKnownFileType = image.png; path = 24.png; sourceTree = "<group>"; };
		1D3C2EDA1F7E363C00B74F2C /* 25.png */ = {isa = PBXFileReference; lastKnownFileType = image.png; path = 25.png; sourceTree = "<group>"; };
		1D3C2EDB1F7E363C00B74F2C /* 26.png */ = {isa = PBXFileReference; lastKnownFileType = image.png; path = 26.png; sourceTree = "<group>"; };
		1D3C2EDC1F7E363C00B74F2C /* 27.png */ = {isa = PBXFileReference; lastKnownFileType = image.png; path = 27.png; sourceTree = "<group>"; };
		1D3C2EDD1F7E363C00B74F2C /* 28.png */ = {isa = PBXFileReference; lastKnownFileType = image.png; path = 28.png; sourceTree = "<group>"; };
		1D3C2EDE1F7E363C00B74F2C /* 29.png */ = {isa = PBXFileReference; lastKnownFileType = image.png; path = 29.png; sourceTree = "<group>"; };
		1D3C2EDF1F7E363C00B74F2C /* 3.png */ = {isa = PBXFileReference; lastKnownFileType = image.png; path = 3.png; sourceTree = "<group>"; };
		1D3C2EE01F7E363C00B74F2C /* 30.png */ = {isa = PBXFileReference; lastKnownFileType = image.png; path = 30.png; sourceTree = "<group>"; };
		1D3C2EE11F7E363C00B74F2C /* 4.png */ = {isa = PBXFileReference; lastKnownFileType = image.png; path = 4.png; sourceTree = "<group>"; };
		1D3C2EE21F7E363C00B74F2C /* 5.png */ = {isa = PBXFileReference; lastKnownFileType = image.png; path = 5.png; sourceTree = "<group>"; };
		1D3C2EE31F7E363C00B74F2C /* 6.png */ = {isa = PBXFileReference; lastKnownFileType = image.png; path = 6.png; sourceTree = "<group>"; };
		1D3C2EE41F7E363C00B74F2C /* 7.png */ = {isa = PBXFileReference; lastKnownFileType = image.png; path = 7.png; sourceTree = "<group>"; };
		1D3C2EE51F7E363C00B74F2C /* 8.png */ = {isa = PBXFileReference; lastKnownFileType = image.png; path = 8.png; sourceTree = "<group>"; };
		1D3C2EE61F7E363C00B74F2C /* 9.png */ = {isa = PBXFileReference; lastKnownFileType = image.png; path = 9.png; sourceTree = "<group>"; };
		1D3C2EE71F7E363C00B74F2C /* apple.jpg */ = {isa = PBXFileReference; lastKnownFileType = image.jpeg; path = apple.jpg; sourceTree = "<group>"; };
		1D3C2EE81F7E363C00B74F2C /* apple.png */ = {isa = PBXFileReference; lastKnownFileType = image.png; path = apple.png; sourceTree = "<group>"; };
		1D3C2EE91F7E363C00B74F2C /* g1.jpg */ = {isa = PBXFileReference; lastKnownFileType = image.jpeg; path = g1.jpg; sourceTree = "<group>"; };
		1D3C2EEA1F7E363C00B74F2C /* g2.jpg */ = {isa = PBXFileReference; lastKnownFileType = image.jpeg; path = g2.jpg; sourceTree = "<group>"; };
		1D3C2EEB1F7E363C00B74F2C /* g2_tr.png */ = {isa = PBXFileReference; lastKnownFileType = image.png; path = g2_tr.png; sourceTree = "<group>"; };
		1D3C2EEC1F7E363C00B74F2C /* img.jpg */ = {isa = PBXFileReference; lastKnownFileType = image.jpeg; path = img.jpg; sourceTree = "<group>"; };
		1D3C2EED1F7E363C00B74F2C /* mango.jpg */ = {isa = PBXFileReference; lastKnownFileType = image.jpeg; path = mango.jpg; sourceTree = "<group>"; };
		1D3C2EEE1F7E363C00B74F2C /* mango.png */ = {isa = PBXFileReference; lastKnownFileType = image.png; path = mango.png; sourceTree = "<group>"; };
		1D3C2EEF1F7E363C00B74F2C /* onion.jpeg */ = {isa = PBXFileReference; lastKnownFileType = image.jpeg; path = onion.jpeg; sourceTree = "<group>"; };
		1D3C2EF01F7E363C00B74F2C /* onion.png */ = {isa = PBXFileReference; lastKnownFileType = image.png; path = onion.png; sourceTree = "<group>"; };
		1D3C2EF11F7E363C00B74F2C /* orange.jpg */ = {isa = PBXFileReference; lastKnownFileType = image.jpeg; path = orange.jpg; sourceTree = "<group>"; };
		1D3C2EF21F7E363C00B74F2C /* orange.png */ = {isa = PBXFileReference; lastKnownFileType = image.png; path = orange.png; sourceTree = "<group>"; };
		1D3C2EF31F7E363C00B74F2C /* orange_cut.png */ = {isa = PBXFileReference; lastKnownFileType = image.png; path = orange_cut.png; sourceTree = "<group>"; };
		1D3C2EF41F7E363C00B74F2C /* Strawberry.ico */ = {isa = PBXFileReference; lastKnownFileType = image.ico; path = Strawberry.ico; sourceTree = "<group>"; };
		1D3C2EF51F7E363C00B74F2C /* watermelon.jpg */ = {isa = PBXFileReference; lastKnownFileType = image.jpeg; path = watermelon.jpg; sourceTree = "<group>"; };
		1D3C2EF61F7E363C00B74F2C /* watermelon.png */ = {isa = PBXFileReference; lastKnownFileType = image.png; path = watermelon.png; sourceTree = "<group>"; };
/* End PBXFileReference section */

/* Begin PBXFrameworksBuildPhase section */
		1D3A6D821F750FE100772BE8 /* Frameworks */ = {
			isa = PBXFrameworksBuildPhase;
			buildActionMask = 2147483647;
			files = (
			);
			runOnlyForDeploymentPostprocessing = 0;
		};
		1D3A6D9B1F750FE100772BE8 /* Frameworks */ = {
			isa = PBXFrameworksBuildPhase;
			buildActionMask = 2147483647;
			files = (
			);
			runOnlyForDeploymentPostprocessing = 0;
		};
		1D3A6DA61F750FE100772BE8 /* Frameworks */ = {
			isa = PBXFrameworksBuildPhase;
			buildActionMask = 2147483647;
			files = (
			);
			runOnlyForDeploymentPostprocessing = 0;
		};
/* End PBXFrameworksBuildPhase section */

/* Begin PBXGroup section */
		1D2ACB621F78C1720058D1F3 /* DragDrop */ = {
			isa = PBXGroup;
			children = (
				1D2ACB631F78C1720058D1F3 /* UIView+DragDrop.h */,
				1D2ACB641F78C1720058D1F3 /* UIView+DragDrop.m */,
			);
			path = DragDrop;
			sourceTree = "<group>";
		};
		1D3A6D7C1F750FE100772BE8 = {
			isa = PBXGroup;
			children = (
				1D3A6D871F750FE100772BE8 /* Signutra */,
				1D3A6DA11F750FE100772BE8 /* SignutraTests */,
				1D3A6DAC1F750FE100772BE8 /* SignutraUITests */,
				1D3A6D861F750FE100772BE8 /* Products */,
			);
			sourceTree = "<group>";
		};
		1D3A6D861F750FE100772BE8 /* Products */ = {
			isa = PBXGroup;
			children = (
				1D3A6D851F750FE100772BE8 /* Signutra.app */,
				1D3A6D9E1F750FE100772BE8 /* SignutraTests.xctest */,
				1D3A6DA91F750FE100772BE8 /* SignutraUITests.xctest */,
			);
			name = Products;
			sourceTree = "<group>";
		};
		1D3A6D871F750FE100772BE8 /* Signutra */ = {
			isa = PBXGroup;
			children = (
				1D3C2EC81F7E363C00B74F2C /* images */,
				1D2ACB621F78C1720058D1F3 /* DragDrop */,
				1D3A6DC01F7511D200772BE8 /* CHTStickerView */,
				1D3A6D8B1F750FE100772BE8 /* AppDelegate.h */,
				1D3A6D8C1F750FE100772BE8 /* AppDelegate.m */,
				1D3A6D8E1F750FE100772BE8 /* ViewController.h */,
				1D3A6D8F1F750FE100772BE8 /* ViewController.m */,
				1D2ACB5F1F78C1030058D1F3 /* HomeViewController.h */,
				1D2ACB601F78C1030058D1F3 /* HomeViewController.m */,
				1D3A6D911F750FE100772BE8 /* Main.storyboard */,
				1D3A6D941F750FE100772BE8 /* Assets.xcassets */,
				1D3A6D961F750FE100772BE8 /* LaunchScreen.storyboard */,
				1D3A6D991F750FE100772BE8 /* Info.plist */,
				1D3A6D881F750FE100772BE8 /* Supporting Files */,
			);
			path = Signutra;
			sourceTree = "<group>";
		};
		1D3A6D881F750FE100772BE8 /* Supporting Files */ = {
			isa = PBXGroup;
			children = (
				1D3A6D891F750FE100772BE8 /* main.m */,
			);
			name = "Supporting Files";
			sourceTree = "<group>";
		};
		1D3A6DA11F750FE100772BE8 /* SignutraTests */ = {
			isa = PBXGroup;
			children = (
				1D3A6DA21F750FE100772BE8 /* SignutraTests.m */,
				1D3A6DA41F750FE100772BE8 /* Info.plist */,
			);
			path = SignutraTests;
			sourceTree = "<group>";
		};
		1D3A6DAC1F750FE100772BE8 /* SignutraUITests */ = {
			isa = PBXGroup;
			children = (
				1D3A6DAD1F750FE100772BE8 /* SignutraUITests.m */,
				1D3A6DAF1F750FE100772BE8 /* Info.plist */,
			);
			path = SignutraUITests;
			sourceTree = "<group>";
		};
		1D3A6DC01F7511D200772BE8 /* CHTStickerView */ = {
			isa = PBXGroup;
			children = (
				1D3A6DCC1F752C4700772BE8 /* CHTStickerView.h */,
				1D3A6DCD1F752C4700772BE8 /* CHTStickerView.m */,
			);
			path = CHTStickerView;
			sourceTree = "<group>";
		};
		1D3C2EC81F7E363C00B74F2C /* images */ = {
			isa = PBXGroup;
			children = (
				1D3C2EC91F7E363C00B74F2C /* 1.png */,
				1D3C2ECA1F7E363C00B74F2C /* 10.png */,
				1D3C2ECB1F7E363C00B74F2C /* 11.png */,
				1D3C2ECC1F7E363C00B74F2C /* 12.png */,
				1D3C2ECD1F7E363C00B74F2C /* 13.png */,
				1D3C2ECE1F7E363C00B74F2C /* 14.png */,
				1D3C2ECF1F7E363C00B74F2C /* 15.png */,
				1D3C2ED01F7E363C00B74F2C /* 16.png */,
				1D3C2ED11F7E363C00B74F2C /* 17.png */,
				1D3C2ED21F7E363C00B74F2C /* 18.png */,
				1D3C2ED31F7E363C00B74F2C /* 19.png */,
				1D3C2ED41F7E363C00B74F2C /* 2.png */,
				1D3C2ED51F7E363C00B74F2C /* 20.png */,
				1D3C2ED61F7E363C00B74F2C /* 21.png */,
				1D3C2ED71F7E363C00B74F2C /* 22.png */,
				1D3C2ED81F7E363C00B74F2C /* 23.png */,
				1D3C2ED91F7E363C00B74F2C /* 24.png */,
				1D3C2EDA1F7E363C00B74F2C /* 25.png */,
				1D3C2EDB1F7E363C00B74F2C /* 26.png */,
				1D3C2EDC1F7E363C00B74F2C /* 27.png */,
				1D3C2EDD1F7E363C00B74F2C /* 28.png */,
				1D3C2EDE1F7E363C00B74F2C /* 29.png */,
				1D3C2EDF1F7E363C00B74F2C /* 3.png */,
				1D3C2EE01F7E363C00B74F2C /* 30.png */,
				1D3C2EE11F7E363C00B74F2C /* 4.png */,
				1D3C2EE21F7E363C00B74F2C /* 5.png */,
				1D3C2EE31F7E363C00B74F2C /* 6.png */,
				1D3C2EE41F7E363C00B74F2C /* 7.png */,
				1D3C2EE51F7E363C00B74F2C /* 8.png */,
				1D3C2EE61F7E363C00B74F2C /* 9.png */,
				1D3C2EE71F7E363C00B74F2C /* apple.jpg */,
				1D3C2EE81F7E363C00B74F2C /* apple.png */,
				1D3C2EE91F7E363C00B74F2C /* g1.jpg */,
				1D3C2EEA1F7E363C00B74F2C /* g2.jpg */,
				1D3C2EEB1F7E363C00B74F2C /* g2_tr.png */,
				1D3C2EEC1F7E363C00B74F2C /* img.jpg */,
				1D3C2EED1F7E363C00B74F2C /* mango.jpg */,
				1D3C2EEE1F7E363C00B74F2C /* mango.png */,
				1D3C2EEF1F7E363C00B74F2C /* onion.jpeg */,
				1D3C2EF01F7E363C00B74F2C /* onion.png */,
				1D3C2EF11F7E363C00B74F2C /* orange.jpg */,
				1D3C2EF21F7E363C00B74F2C /* orange.png */,
				1D3C2EF31F7E363C00B74F2C /* orange_cut.png */,
				1D3C2EF41F7E363C00B74F2C /* Strawberry.ico */,
				1D3C2EF51F7E363C00B74F2C /* watermelon.jpg */,
				1D3C2EF61F7E363C00B74F2C /* watermelon.png */,
			);
			path = images;
			sourceTree = "<group>";
		};
/* End PBXGroup section */

/* Begin PBXNativeTarget section */
		1D3A6D841F750FE100772BE8 /* Signutra */ = {
			isa = PBXNativeTarget;
			buildConfigurationList = 1D3A6DB21F750FE100772BE8 /* Build configuration list for PBXNativeTarget "Signutra" */;
			buildPhases = (
				1D3A6D811F750FE100772BE8 /* Sources */,
				1D3A6D821F750FE100772BE8 /* Frameworks */,
				1D3A6D831F750FE100772BE8 /* Resources */,
			);
			buildRules = (
			);
			dependencies = (
			);
			name = Signutra;
			productName = Signutra;
			productReference = 1D3A6D851F750FE100772BE8 /* Signutra.app */;
			productType = "com.apple.product-type.application";
		};
		1D3A6D9D1F750FE100772BE8 /* SignutraTests */ = {
			isa = PBXNativeTarget;
			buildConfigurationList = 1D3A6DB51F750FE100772BE8 /* Build configuration list for PBXNativeTarget "SignutraTests" */;
			buildPhases = (
				1D3A6D9A1F750FE100772BE8 /* Sources */,
				1D3A6D9B1F750FE100772BE8 /* Frameworks */,
				1D3A6D9C1F750FE100772BE8 /* Resources */,
			);
			buildRules = (
			);
			dependencies = (
				1D3A6DA01F750FE100772BE8 /* PBXTargetDependency */,
			);
			name = SignutraTests;
			productName = SignutraTests;
			productReference = 1D3A6D9E1F750FE100772BE8 /* SignutraTests.xctest */;
			productType = "com.apple.product-type.bundle.unit-test";
		};
		1D3A6DA81F750FE100772BE8 /* SignutraUITests */ = {
			isa = PBXNativeTarget;
			buildConfigurationList = 1D3A6DB81F750FE100772BE8 /* Build configuration list for PBXNativeTarget "SignutraUITests" */;
			buildPhases = (
				1D3A6DA51F750FE100772BE8 /* Sources */,
				1D3A6DA61F750FE100772BE8 /* Frameworks */,
				1D3A6DA71F750FE100772BE8 /* Resources */,
			);
			buildRules = (
			);
			dependencies = (
				1D3A6DAB1F750FE100772BE8 /* PBXTargetDependency */,
			);
			name = SignutraUITests;
			productName = SignutraUITests;
			productReference = 1D3A6DA91F750FE100772BE8 /* SignutraUITests.xctest */;
			productType = "com.apple.product-type.bundle.ui-testing";
		};
/* End PBXNativeTarget section */

/* Begin PBXProject section */
		1D3A6D7D1F750FE100772BE8 /* Project object */ = {
			isa = PBXProject;
			attributes = {
				LastUpgradeCheck = 0830;
				ORGANIZATIONNAME = vikas;
				TargetAttributes = {
					1D3A6D841F750FE100772BE8 = {
						CreatedOnToolsVersion = 8.3.3;
						DevelopmentTeam = MDD58JY298;
						ProvisioningStyle = Automatic;
					};
					1D3A6D9D1F750FE100772BE8 = {
						CreatedOnToolsVersion = 8.3.3;
						DevelopmentTeam = MDD58JY298;
						ProvisioningStyle = Automatic;
						TestTargetID = 1D3A6D841F750FE100772BE8;
					};
					1D3A6DA81F750FE100772BE8 = {
						CreatedOnToolsVersion = 8.3.3;
						DevelopmentTeam = MDD58JY298;
						ProvisioningStyle = Automatic;
						TestTargetID = 1D3A6D841F750FE100772BE8;
					};
				};
			};
			buildConfigurationList = 1D3A6D801F750FE100772BE8 /* Build configuration list for PBXProject "Signutra" */;
			compatibilityVersion = "Xcode 3.2";
			developmentRegion = English;
			hasScannedForEncodings = 0;
			knownRegions = (
				en,
				Base,
			);
			mainGroup = 1D3A6D7C1F750FE100772BE8;
			productRefGroup = 1D3A6D861F750FE100772BE8 /* Products */;
			projectDirPath = "";
			projectRoot = "";
			targets = (
				1D3A6D841F750FE100772BE8 /* Signutra */,
				1D3A6D9D1F750FE100772BE8 /* SignutraTests */,
				1D3A6DA81F750FE100772BE8 /* SignutraUITests */,
			);
		};
/* End PBXProject section */

/* Begin PBXResourcesBuildPhase section */
		1D3A6D831F750FE100772BE8 /* Resources */ = {
			isa = PBXResourcesBuildPhase;
			buildActionMask = 2147483647;
			files = (
				1D3C2F141F7E363C00B74F2C /* 9.png in Resources */,
				1D3C2F1F1F7E363C00B74F2C /* orange.jpg in Resources */,
				1D3C2F101F7E363C00B74F2C /* 5.png in Resources */,
				1D3C2F1B1F7E363C00B74F2C /* mango.jpg in Resources */,
				1D3C2F001F7E363C00B74F2C /* 18.png in Resources */,
				1D3C2EF81F7E363C00B74F2C /* 10.png in Resources */,
				1D3C2EFF1F7E363C00B74F2C /* 17.png in Resources */,
				1D3C2F0A1F7E363C00B74F2C /* 27.png in Resources */,
				1D3C2F201F7E363C00B74F2C /* orange.png in Resources */,
				1D3C2F1A1F7E363C00B74F2C /* img.jpg in Resources */,
				1D3C2F0E1F7E363C00B74F2C /* 30.png in Resources */,
				1D3C2EFC1F7E363C00B74F2C /* 14.png in Resources */,
				1D3C2EF91F7E363C00B74F2C /* 11.png in Resources */,
				1D3C2EFA1F7E363C00B74F2C /* 12.png in Resources */,
				1D3C2F0F1F7E363C00B74F2C /* 4.png in Resources */,
				1D3C2F1E1F7E363C00B74F2C /* onion.png in Resources */,
				1D3A6D981F750FE100772BE8 /* LaunchScreen.storyboard in Resources */,
				1D3C2F051F7E363C00B74F2C /* 22.png in Resources */,
				1D3C2EFD1F7E363C00B74F2C /* 15.png in Resources */,
				1D3C2F151F7E363C00B74F2C /* apple.jpg in Resources */,
				1D3C2F221F7E363C00B74F2C /* Strawberry.ico in Resources */,
				1D3C2F181F7E363C00B74F2C /* g2.jpg in Resources */,
				1D3C2EF71F7E363C00B74F2C /* 1.png in Resources */,
				1D3C2F011F7E363C00B74F2C /* 19.png in Resources */,
				1D3C2EFE1F7E363C00B74F2C /* 16.png in Resources */,
				1D3C2F131F7E363C00B74F2C /* 8.png in Resources */,
				1D3C2F031F7E363C00B74F2C /* 20.png in Resources */,
				1D3C2F231F7E363C00B74F2C /* watermelon.jpg in Resources */,
				1D3C2F081F7E363C00B74F2C /* 25.png in Resources */,
				1D3C2F171F7E363C00B74F2C /* g1.jpg in Resources */,
				1D3C2F0C1F7E363C00B74F2C /* 29.png in Resources */,
				1D3C2EFB1F7E363C00B74F2C /* 13.png in Resources */,
				1D3C2F061F7E363C00B74F2C /* 23.png in Resources */,
				1D3C2F161F7E363C00B74F2C /* apple.png in Resources */,
				1D3C2F211F7E363C00B74F2C /* orange_cut.png in Resources */,
				1D3C2F071F7E363C00B74F2C /* 24.png in Resources */,
				1D3C2F121F7E363C00B74F2C /* 7.png in Resources */,
				1D3C2F091F7E363C00B74F2C /* 26.png in Resources */,
				1D3C2F0B1F7E363C00B74F2C /* 28.png in Resources */,
				1D3C2F111F7E363C00B74F2C /* 6.png in Resources */,
				1D3C2F0D1F7E363C00B74F2C /* 3.png in Resources */,
				1D3C2F041F7E363C00B74F2C /* 21.png in Resources */,
				1D3C2F191F7E363C00B74F2C /* g2_tr.png in Resources */,
				1D3C2F021F7E363C00B74F2C /* 2.png in Resources */,
				1D3C2F1C1F7E363C00B74F2C /* mango.png in Resources */,
				1D3C2F1D1F7E363C00B74F2C /* onion.jpeg in Resources */,
				1D3A6D951F750FE100772BE8 /* Assets.xcassets in Resources */,
				1D3A6D931F750FE100772BE8 /* Main.storyboard in Resources */,
				1D3C2F241F7E363C00B74F2C /* watermelon.png in Resources */,
			);
			runOnlyForDeploymentPostprocessing = 0;
		};
		1D3A6D9C1F750FE100772BE8 /* Resources */ = {
			isa = PBXResourcesBuildPhase;
			buildActionMask = 2147483647;
			files = (
			);
			runOnlyForDeploymentPostprocessing = 0;
		};
		1D3A6DA71F750FE100772BE8 /* Resources */ = {
			isa = PBXResourcesBuildPhase;
			buildActionMask = 2147483647;
			files = (
			);
			runOnlyForDeploymentPostprocessing = 0;
		};
/* End PBXResourcesBuildPhase section */

/* Begin PBXSourcesBuildPhase section */
		1D3A6D811F750FE100772BE8 /* Sources */ = {
			isa = PBXSourcesBuildPhase;
			buildActionMask = 2147483647;
			files = (
				1D3A6D901F750FE100772BE8 /* ViewController.m in Sources */,
				1D2ACB651F78C1720058D1F3 /* UIView+DragDrop.m in Sources */,
				1D3A6D8D1F750FE100772BE8 /* AppDelegate.m in Sources */,
				1D3A6DCE1F752C4700772BE8 /* CHTStickerView.m in Sources */,
				1D2ACB611F78C1030058D1F3 /* HomeViewController.m in Sources */,
				1D3A6D8A1F750FE100772BE8 /* main.m in Sources */,
			);
			runOnlyForDeploymentPostprocessing = 0;
		};
		1D3A6D9A1F750FE100772BE8 /* Sources */ = {
			isa = PBXSourcesBuildPhase;
			buildActionMask = 2147483647;
			files = (
				1D3A6DA31F750FE100772BE8 /* SignutraTests.m in Sources */,
			);
			runOnlyForDeploymentPostprocessing = 0;
		};
		1D3A6DA51F750FE100772BE8 /* Sources */ = {
			isa = PBXSourcesBuildPhase;
			buildActionMask = 2147483647;
			files = (
				1D3A6DAE1F750FE100772BE8 /* SignutraUITests.m in Sources */,
			);
			runOnlyForDeploymentPostprocessing = 0;
		};
/* End PBXSourcesBuildPhase section */

/* Begin PBXTargetDependency section */
		1D3A6DA01F750FE100772BE8 /* PBXTargetDependency */ = {
			isa = PBXTargetDependency;
			target = 1D3A6D841F750FE100772BE8 /* Signutra */;
			targetProxy = 1D3A6D9F1F750FE100772BE8 /* PBXContainerItemProxy */;
		};
		1D3A6DAB1F750FE100772BE8 /* PBXTargetDependency */ = {
			isa = PBXTargetDependency;
			target = 1D3A6D841F750FE100772BE8 /* Signutra */;
			targetProxy = 1D3A6DAA1F750FE100772BE8 /* PBXContainerItemProxy */;
		};
/* End PBXTargetDependency section */

/* Begin PBXVariantGroup section */
		1D3A6D911F750FE100772BE8 /* Main.storyboard */ = {
			isa = PBXVariantGroup;
			children = (
				1D3A6D921F750FE100772BE8 /* Base */,
			);
			name = Main.storyboard;
			sourceTree = "<group>";
		};
		1D3A6D961F750FE100772BE8 /* LaunchScreen.storyboard */ = {
			isa = PBXVariantGroup;
			children = (
				1D3A6D971F750FE100772BE8 /* Base */,
			);
			name = LaunchScreen.storyboard;
			sourceTree = "<group>";
		};
/* End PBXVariantGroup section */

/* Begin XCBuildConfiguration section */
		1D3A6DB01F750FE100772BE8 /* Debug */ = {
			isa = XCBuildConfiguration;
			buildSettings = {
				ALWAYS_SEARCH_USER_PATHS = NO;
				CLANG_ANALYZER_NONNULL = YES;
				CLANG_ANALYZER_NUMBER_OBJECT_CONVERSION = YES_AGGRESSIVE;
				CLANG_CXX_LANGUAGE_STANDARD = "gnu++0x";
				CLANG_CXX_LIBRARY = "libc++";
				CLANG_ENABLE_MODULES = YES;
				CLANG_ENABLE_OBJC_ARC = YES;
				CLANG_WARN_BOOL_CONVERSION = YES;
				CLANG_WARN_CONSTANT_CONVERSION = YES;
				CLANG_WARN_DIRECT_OBJC_ISA_USAGE = YES_ERROR;
				CLANG_WARN_DOCUMENTATION_COMMENTS = YES;
				CLANG_WARN_EMPTY_BODY = YES;
				CLANG_WARN_ENUM_CONVERSION = YES;
				CLANG_WARN_INFINITE_RECURSION = YES;
				CLANG_WARN_INT_CONVERSION = YES;
				CLANG_WARN_OBJC_ROOT_CLASS = YES_ERROR;
				CLANG_WARN_SUSPICIOUS_MOVE = YES;
				CLANG_WARN_UNREACHABLE_CODE = YES;
				CLANG_WARN__DUPLICATE_METHOD_MATCH = YES;
				"CODE_SIGN_IDENTITY[sdk=iphoneos*]" = "iPhone Developer";
				COPY_PHASE_STRIP = NO;
				DEBUG_INFORMATION_FORMAT = dwarf;
				ENABLE_STRICT_OBJC_MSGSEND = YES;
				ENABLE_TESTABILITY = YES;
				GCC_C_LANGUAGE_STANDARD = gnu99;
				GCC_DYNAMIC_NO_PIC = NO;
				GCC_NO_COMMON_BLOCKS = YES;
				GCC_OPTIMIZATION_LEVEL = 0;
				GCC_PREPROCESSOR_DEFINITIONS = (
					"DEBUG=1",
					"$(inherited)",
				);
				GCC_WARN_64_TO_32_BIT_CONVERSION = YES;
				GCC_WARN_ABOUT_RETURN_TYPE = YES_ERROR;
				GCC_WARN_UNDECLARED_SELECTOR = YES;
				GCC_WARN_UNINITIALIZED_AUTOS = YES_AGGRESSIVE;
				GCC_WARN_UNUSED_FUNCTION = YES;
				GCC_WARN_UNUSED_VARIABLE = YES;
				IPHONEOS_DEPLOYMENT_TARGET = 10.3;
				MTL_ENABLE_DEBUG_INFO = YES;
				ONLY_ACTIVE_ARCH = YES;
				SDKROOT = iphoneos;
				TARGETED_DEVICE_FAMILY = "1,2";
			};
			name = Debug;
		};
		1D3A6DB11F750FE100772BE8 /* Release */ = {
			isa = XCBuildConfiguration;
			buildSettings = {
				ALWAYS_SEARCH_USER_PATHS = NO;
				CLANG_ANALYZER_NONNULL = YES;
				CLANG_ANALYZER_NUMBER_OBJECT_CONVERSION = YES_AGGRESSIVE;
				CLANG_CXX_LANGUAGE_STANDARD = "gnu++0x";
				CLANG_CXX_LIBRARY = "libc++";
				CLANG_ENABLE_MODULES = YES;
				CLANG_ENABLE_OBJC_ARC = YES;
				CLANG_WARN_BOOL_CONVERSION = YES;
				CLANG_WARN_CONSTANT_CONVERSION = YES;
				CLANG_WARN_DIRECT_OBJC_ISA_USAGE = YES_ERROR;
				CLANG_WARN_DOCUMENTATION_COMMENTS = YES;
				CLANG_WARN_EMPTY_BODY = YES;
				CLANG_WARN_ENUM_CONVERSION = YES;
				CLANG_WARN_INFINITE_RECURSION = YES;
				CLANG_WARN_INT_CONVERSION = YES;
				CLANG_WARN_OBJC_ROOT_CLASS = YES_ERROR;
				CLANG_WARN_SUSPICIOUS_MOVE = YES;
				CLANG_WARN_UNREACHABLE_CODE = YES;
				CLANG_WARN__DUPLICATE_METHOD_MATCH = YES;
				"CODE_SIGN_IDENTITY[sdk=iphoneos*]" = "iPhone Developer";
				COPY_PHASE_STRIP = NO;
				DEBUG_INFORMATION_FORMAT = "dwarf-with-dsym";
				ENABLE_NS_ASSERTIONS = NO;
				ENABLE_STRICT_OBJC_MSGSEND = YES;
				GCC_C_LANGUAGE_STANDARD = gnu99;
				GCC_NO_COMMON_BLOCKS = YES;
				GCC_WARN_64_TO_32_BIT_CONVERSION = YES;
				GCC_WARN_ABOUT_RETURN_TYPE = YES_ERROR;
				GCC_WARN_UNDECLARED_SELECTOR = YES;
				GCC_WARN_UNINITIALIZED_AUTOS = YES_AGGRESSIVE;
				GCC_WARN_UNUSED_FUNCTION = YES;
				GCC_WARN_UNUSED_VARIABLE = YES;
				IPHONEOS_DEPLOYMENT_TARGET = 10.3;
				MTL_ENABLE_DEBUG_INFO = NO;
				SDKROOT = iphoneos;
				TARGETED_DEVICE_FAMILY = "1,2";
				VALIDATE_PRODUCT = YES;
			};
			name = Release;
		};
		1D3A6DB31F750FE100772BE8 /* Debug */ = {
			isa = XCBuildConfiguration;
			buildSettings = {
				ASSETCATALOG_COMPILER_APPICON_NAME = AppIcon;
				DEVELOPMENT_TEAM = MDD58JY298;
				INFOPLIST_FILE = Signutra/Info.plist;
				IPHONEOS_DEPLOYMENT_TARGET = 8.0;
				LD_RUNPATH_SEARCH_PATHS = "$(inherited) @executable_path/Frameworks";
				PRODUCT_BUNDLE_IDENTIFIER = com.artiligence.Signutra;
				PRODUCT_NAME = "$(TARGET_NAME)";
			};
			name = Debug;
		};
		1D3A6DB41F750FE100772BE8 /* Release */ = {
			isa = XCBuildConfiguration;
			buildSettings = {
				ASSETCATALOG_COMPILER_APPICON_NAME = AppIcon;
				DEVELOPMENT_TEAM = MDD58JY298;
				INFOPLIST_FILE = Signutra/Info.plist;
				IPHONEOS_DEPLOYMENT_TARGET = 8.0;
				LD_RUNPATH_SEARCH_PATHS = "$(inherited) @executable_path/Frameworks";
				PRODUCT_BUNDLE_IDENTIFIER = com.artiligence.Signutra;
				PRODUCT_NAME = "$(TARGET_NAME)";
			};
			name = Release;
		};
		1D3A6DB61F750FE100772BE8 /* Debug */ = {
			isa = XCBuildConfiguration;
			buildSettings = {
				BUNDLE_LOADER = "$(TEST_HOST)";
				DEVELOPMENT_TEAM = MDD58JY298;
				INFOPLIST_FILE = SignutraTests/Info.plist;
				LD_RUNPATH_SEARCH_PATHS = "$(inherited) @executable_path/Frameworks @loader_path/Frameworks";
				PRODUCT_BUNDLE_IDENTIFIER = com.artiligence.SignutraTests;
				PRODUCT_NAME = "$(TARGET_NAME)";
				TEST_HOST = "$(BUILT_PRODUCTS_DIR)/Signutra.app/Signutra";
			};
			name = Debug;
		};
		1D3A6DB71F750FE100772BE8 /* Release */ = {
			isa = XCBuildConfiguration;
			buildSettings = {
				BUNDLE_LOADER = "$(TEST_HOST)";
				DEVELOPMENT_TEAM = MDD58JY298;
				INFOPLIST_FILE = SignutraTests/Info.plist;
				LD_RUNPATH_SEARCH_PATHS = "$(inherited) @executable_path/Frameworks @loader_path/Frameworks";
				PRODUCT_BUNDLE_IDENTIFIER = com.artiligence.SignutraTests;
				PRODUCT_NAME = "$(TARGET_NAME)";
				TEST_HOST = "$(BUILT_PRODUCTS_DIR)/Signutra.app/Signutra";
			};
			name = Release;
		};
		1D3A6DB91F750FE100772BE8 /* Debug */ = {
			isa = XCBuildConfiguration;
			buildSettings = {
				DEVELOPMENT_TEAM = MDD58JY298;
				INFOPLIST_FILE = SignutraUITests/Info.plist;
				LD_RUNPATH_SEARCH_PATHS = "$(inherited) @executable_path/Frameworks @loader_path/Frameworks";
				PRODUCT_BUNDLE_IDENTIFIER = com.artiligence.SignutraUITests;
				PRODUCT_NAME = "$(TARGET_NAME)";
				TEST_TARGET_NAME = Signutra;
			};
			name = Debug;
		};
		1D3A6DBA1F750FE100772BE8 /* Release */ = {
			isa = XCBuildConfiguration;
			buildSettings = {
				DEVELOPMENT_TEAM = MDD58JY298;
				INFOPLIST_FILE = SignutraUITests/Info.plist;
				LD_RUNPATH_SEARCH_PATHS = "$(inherited) @executable_path/Frameworks @loader_path/Frameworks";
				PRODUCT_BUNDLE_IDENTIFIER = com.artiligence.SignutraUITests;
				PRODUCT_NAME = "$(TARGET_NAME)";
				TEST_TARGET_NAME = Signutra;
			};
			name = Release;
		};
/* End XCBuildConfiguration section */

/* Begin XCConfigurationList section */
		1D3A6D801F750FE100772BE8 /* Build configuration list for PBXProject "Signutra" */ = {
			isa = XCConfigurationList;
			buildConfigurations = (
				1D3A6DB01F750FE100772BE8 /* Debug */,
				1D3A6DB11F750FE100772BE8 /* Release */,
			);
			defaultConfigurationIsVisible = 0;
			defaultConfigurationName = Release;
		};
		1D3A6DB21F750FE100772BE8 /* Build configuration list for PBXNativeTarget "Signutra" */ = {
			isa = XCConfigurationList;
			buildConfigurations = (
				1D3A6DB31F750FE100772BE8 /* Debug */,
				1D3A6DB41F750FE100772BE8 /* Release */,
			);
			defaultConfigurationIsVisible = 0;
			defaultConfigurationName = Release;
		};
		1D3A6DB51F750FE100772BE8 /* Build configuration list for PBXNativeTarget "SignutraTests" */ = {
			isa = XCConfigurationList;
			buildConfigurations = (
				1D3A6DB61F750FE100772BE8 /* Debug */,
				1D3A6DB71F750FE100772BE8 /* Release */,
			);
			defaultConfigurationIsVisible = 0;
			defaultConfigurationName = Release;
		};
		1D3A6DB81F750FE100772BE8 /* Build configuration list for PBXNativeTarget "SignutraUITests" */ = {
			isa = XCConfigurationList;
			buildConfigurations = (
				1D3A6DB91F750FE100772BE8 /* Debug */,
				1D3A6DBA1F750FE100772BE8 /* Release */,
			);
			defaultConfigurationIsVisible = 0;
			defaultConfigurationName = Release;
		};
/* End XCConfigurationList section */
	};
	rootObject = 1D3A6D7D1F750FE100772BE8 /* Project object */;
}
